
Microsoft Visual Studio Solution File, Format Version 12.00
# Visual Studio Version 16
VisualStudioVersion = 16.0.30225.117
MinimumVisualStudioVersion = 10.0.40219.1
Project("{FAE04EC0-301F-11D3-BF4B-00C04F79EFBC}") = "SQLiteTestAddTable", "SQLiteTestAddTable\SQLiteTestAddTable.csproj", "{F3553F35-CD6B-449D-91D9-BE9EBF8D5C30}"
EndProject
Global
	GlobalSection(SolutionConfigurationPlatforms) = preSolution
		Debug|Any CPU = Debug|Any CPU
		Release|Any CPU = Release|Any CPU
	EndGlobalSection
	GlobalSection(ProjectConfigurationPlatforms) = postSolution
		{F3553F35-CD6B-449D-91D9-BE9EBF8D5C30}.Debug|Any CPU.ActiveCfg = Debug|Any CPU
		{F3553F35-CD6B-449D-91D9-BE9EBF8D5C30}.Debug|Any CPU.Build.0 = Debug|Any CPU
		{F3553F35-CD6B-449D-91D9-BE9EBF8D5C30}.Release|Any CPU.ActiveCfg = Release|Any CPU
		{F3553F35-CD6B-449D-91D9-BE9EBF8D5C30}.Release|Any CPU.Build.0 = Release|Any CPU
	EndGlobalSection
	GlobalSection(SolutionProperties) = preSolution
		HideSolutionNode = FALSE
	EndGlobalSection
	GlobalSection(ExtensibilityGlobals) = postSolution
		SolutionGuid = {EE719087-C75F-48B1-80A7-E7F7F90987F0}
	EndGlobalSection
EndGlobal
